
Microsoft Visual Studio Solution File, Format Version 12.00
# Visual Studio Version 16
VisualStudioVersion = 16.0.31624.102
MinimumVisualStudioVersion = 10.0.40219.1
Project("{FAE04EC0-301F-11D3-BF4B-00C04F79EFBC}") = "empwage-day4", "empwage-day4.csproj", "{22BBDE28-4C5F-4FFB-8C29-F8724E46BE28}"
EndProject
Global
	GlobalSection(SolutionConfigurationPlatforms) = preSolution
		Debug|Any CPU = Debug|Any CPU
		Release|Any CPU = Release|Any CPU
	EndGlobalSection
	GlobalSection(ProjectConfigurationPlatforms) = postSolution
		{22BBDE28-4C5F-4FFB-8C29-F8724E46BE28}.Debug|Any CPU.ActiveCfg = Debug|Any CPU
		{22BBDE28-4C5F-4FFB-8C29-F8724E46BE28}.Debug|Any CPU.Build.0 = Debug|Any CPU
		{22BBDE28-4C5F-4FFB-8C29-F8724E46BE28}.Release|Any CPU.ActiveCfg = Release|Any CPU
		{22BBDE28-4C5F-4FFB-8C29-F8724E46BE28}.Release|Any CPU.Build.0 = Release|Any CPU
	EndGlobalSection
	GlobalSection(SolutionProperties) = preSolution
		HideSolutionNode = FALSE
	EndGlobalSection
	GlobalSection(ExtensibilityGlobals) = postSolution
		SolutionGuid = {0EFF3E04-570D-476E-9AD2-020871A61602}
	EndGlobalSection
EndGlobal
